
Microsoft Visual Studio Solution File, Format Version 12.00
# Visual Studio Version 17
VisualStudioVersion = 17.8.34316.72
MinimumVisualStudioVersion = 10.0.40219.1
Project("{FAE04EC0-301F-11D3-BF4B-00C04F79EFBC}") = "blitz-api", "blitz-api.csproj", "{B662D2D6-060E-45E9-B6D5-298202C497CF}"
EndProject
Global
	GlobalSection(SolutionConfigurationPlatforms) = preSolution
		Debug|Any CPU = Debug|Any CPU
		Release|Any CPU = Release|Any CPU
	EndGlobalSection
	GlobalSection(ProjectConfigurationPlatforms) = postSolution
		{B662D2D6-060E-45E9-B6D5-298202C497CF}.Debug|Any CPU.ActiveCfg = Debug|Any CPU
		{B662D2D6-060E-45E9-B6D5-298202C497CF}.Debug|Any CPU.Build.0 = Debug|Any CPU
		{B662D2D6-060E-45E9-B6D5-298202C497CF}.Release|Any CPU.ActiveCfg = Release|Any CPU
		{B662D2D6-060E-45E9-B6D5-298202C497CF}.Release|Any CPU.Build.0 = Release|Any CPU
	EndGlobalSection
	GlobalSection(SolutionProperties) = preSolution
		HideSolutionNode = FALSE
	EndGlobalSection
	GlobalSection(ExtensibilityGlobals) = postSolution
		SolutionGuid = {F480C0E7-3C46-4E4F-A60E-EEB40DAE7048}
	EndGlobalSection
EndGlobal
